
Microsoft Visual Studio Solution File, Format Version 12.00
# Visual Studio Version 16
VisualStudioVersion = 16.0.31005.135
MinimumVisualStudioVersion = 10.0.40219.1
Project("{FAE04EC0-301F-11D3-BF4B-00C04F79EFBC}") = "ConsoleApp8", "ConsoleApp8\ConsoleApp8.csproj", "{58D05BDC-397A-4F75-B80B-E2BAA06F05BE}"
EndProject
Global
	GlobalSection(SolutionConfigurationPlatforms) = preSolution
		Debug|Any CPU = Debug|Any CPU
		Release|Any CPU = Release|Any CPU
	EndGlobalSection
	GlobalSection(ProjectConfigurationPlatforms) = postSolution
		{58D05BDC-397A-4F75-B80B-E2BAA06F05BE}.Debug|Any CPU.ActiveCfg = Debug|Any CPU
		{58D05BDC-397A-4F75-B80B-E2BAA06F05BE}.Debug|Any CPU.Build.0 = Debug|Any CPU
		{58D05BDC-397A-4F75-B80B-E2BAA06F05BE}.Release|Any CPU.ActiveCfg = Release|Any CPU
		{58D05BDC-397A-4F75-B80B-E2BAA06F05BE}.Release|Any CPU.Build.0 = Release|Any CPU
	EndGlobalSection
	GlobalSection(SolutionProperties) = preSolution
		HideSolutionNode = FALSE
	EndGlobalSection
	GlobalSection(ExtensibilityGlobals) = postSolution
		SolutionGuid = {95236E57-E9FD-4FF8-B63C-63F508B4D3D9}
	EndGlobalSection
EndGlobal
